github.com/go-ole/go-ole v1.2.6/go.mod h1:pprOEPIfldk/42T2oK7lQ4v4JSDwmV0As9GaiUsvbm0=
github.com/go-ole/go-ole v1.3.0 h1:Dt6ye7+vXGIKZ7Xtk4s6/xVdGDQynvom7xCFEdWr6uE=
github.com/go-ole/go-ole v1.3.0/go.mod h1:5LS6F96DhAwUc7C+1HLexzMXY1xGRSryjyPPKW6zv78=
github.com/moutend/go-wca v0.3.0 h1:IzhsQ44zBzMdT42xlBjiLSVya9cPYOoKx9E+yXVhFo8=
github.com/moutend/go-wca v0.3.0/go.mod h1:7VrPO512jnjFGJ6rr+zOoCfiYjOHRPNfbttJuxAurcw=
github.com/yttydcs/myflowhub-core v0.2.0 h1:tZ5X8oqP3OIXRZdlmBRYmMu3bJNBGIP+F0MSpnmDu6k=
github.com/yttydcs/myflowhub-core v0.2.0/go.mod h1:uUmSQZ3JVVitpQVXA8goupbXpSbd+rahFZjx5x/rS/4=
github.com/yttydcs/myflowhub-proto v0.1.1 h1:0oVHnHaYbrV6CWQ0mREWMwDDkkUBIpPMTtLw2TjJLY8=
github.com/yttydcs/myflowhub-proto v0.1.1/go.mod h1:1shJnnAYNZYd1KnGNtvgdygTaeCyx5duMnxrRLRouOc=
github.com/yttydcs/myflowhub-sdk v0.1.0 h1:oleonppFd6YRwjodrZHGZPIPgBGotv5XaV809qH77Ok=
github.com/yttydcs/myflowhub-sdk v0.1.0/go.mod h1:c7tGDERQkNAiYCu+UhfMr+p7vwifz3IYiLeeARaMflU=
golang.org/x/sys v0.0.0-20190916202348-b4ddaad3f8a3/go.mod h1:h1NjWce9XRLGQEsW7wpKNCjG9DtNlClVuFLEZdDNbEs=
golang.org/x/sys v0.1.0/go.mod h1:oPkhp1MJrh7nUepCBck5+mAzfO9JrbApNNgaTdGDITg=
golang.org/x/sys v0.32.0 h1:s77OFDvIQeibCmezSnk/q6iAfkdiQaJi4VzroCFrN20=
golang.org/x/sys v0.32.0/go.mod h1:BJP2sWEmIv4KK5OTEluFJCKSidICx8ciO85XgH3Ak8k=
